
Microsoft Visual Studio Solution File, Format Version 12.00
# Visual Studio Version 16
VisualStudioVersion = 16.0.31019.35
MinimumVisualStudioVersion = 10.0.40219.1
Project("{8BC9CEB8-8B4A-11D0-8D11-00A0C91BC942}") = "l_10_3", "l_10_3\l_10_3.vcxproj", "{3A27895E-DE26-4D98-9935-9B74C89EEC25}"
EndProject
Project("{8BC9CEB8-8B4A-11D0-8D11-00A0C91BC942}") = "UnitTest2", "UnitTest2\UnitTest2.vcxproj", "{543661D0-CA99-44E7-9C3E-6EBDCC7C8391}"
EndProject
Global
	GlobalSection(SolutionConfigurationPlatforms) = preSolution
		Debug|x64 = Debug|x64
		Debug|x86 = Debug|x86
		Release|x64 = Release|x64
		Release|x86 = Release|x86
	EndGlobalSection
	GlobalSection(ProjectConfigurationPlatforms) = postSolution
		{3A27895E-DE26-4D98-9935-9B74C89EEC25}.Debug|x64.ActiveCfg = Debug|x64
		{3A27895E-DE26-4D98-9935-9B74C89EEC25}.Debug|x64.Build.0 = Debug|x64
		{3A27895E-DE26-4D98-9935-9B74C89EEC25}.Debug|x86.ActiveCfg = Debug|Win32
		{3A27895E-DE26-4D98-9935-9B74C89EEC25}.Debug|x86.Build.0 = Debug|Win32
		{3A27895E-DE26-4D98-9935-9B74C89EEC25}.Release|x64.ActiveCfg = Release|x64
		{3A27895E-DE26-4D98-9935-9B74C89EEC25}.Release|x64.Build.0 = Release|x64
		{3A27895E-DE26-4D98-9935-9B74C89EEC25}.Release|x86.ActiveCfg = Release|Win32
		{3A27895E-DE26-4D98-9935-9B74C89EEC25}.Release|x86.Build.0 = Release|Win32
		{543661D0-CA99-44E7-9C3E-6EBDCC7C8391}.Debug|x64.ActiveCfg = Debug|x64
		{543661D0-CA99-44E7-9C3E-6EBDCC7C8391}.Debug|x64.Build.0 = Debug|x64
		{543661D0-CA99-44E7-9C3E-6EBDCC7C8391}.Debug|x86.ActiveCfg = Debug|Win32
		{543661D0-CA99-44E7-9C3E-6EBDCC7C8391}.Debug|x86.Build.0 = Debug|Win32
		{543661D0-CA99-44E7-9C3E-6EBDCC7C8391}.Release|x64.ActiveCfg = Release|x64
		{543661D0-CA99-44E7-9C3E-6EBDCC7C8391}.Release|x64.Build.0 = Release|x64
		{543661D0-CA99-44E7-9C3E-6EBDCC7C8391}.Release|x86.ActiveCfg = Release|Win32
		{543661D0-CA99-44E7-9C3E-6EBDCC7C8391}.Release|x86.Build.0 = Release|Win32
	EndGlobalSection
	GlobalSection(SolutionProperties) = preSolution
		HideSolutionNode = FALSE
	EndGlobalSection
	GlobalSection(ExtensibilityGlobals) = postSolution
		SolutionGuid = {5093271E-635C-47DD-B32D-8FB917EA32F6}
	EndGlobalSection
EndGlobal
